
Microsoft Visual Studio Solution File, Format Version 12.00
# Visual Studio Version 16
VisualStudioVersion = 16.0.29709.97
MinimumVisualStudioVersion = 10.0.40219.1
Project("{888888A0-9F3D-457C-B088-3A5042F75D52}") = "Uzastopni stringovi", "Uzastopni stringovi.pyproj", "{6730717B-E9CF-4AAB-B181-3EB8D7E3B53F}"
EndProject
Global
	GlobalSection(SolutionConfigurationPlatforms) = preSolution
		Debug|Any CPU = Debug|Any CPU
		Release|Any CPU = Release|Any CPU
	EndGlobalSection
	GlobalSection(ProjectConfigurationPlatforms) = postSolution
		{6730717B-E9CF-4AAB-B181-3EB8D7E3B53F}.Debug|Any CPU.ActiveCfg = Debug|Any CPU
		{6730717B-E9CF-4AAB-B181-3EB8D7E3B53F}.Release|Any CPU.ActiveCfg = Release|Any CPU
	EndGlobalSection
	GlobalSection(SolutionProperties) = preSolution
		HideSolutionNode = FALSE
	EndGlobalSection
	GlobalSection(ExtensibilityGlobals) = postSolution
		SolutionGuid = {4571F7B6-1D03-4BE0-9155-804A9A7166D0}
	EndGlobalSection
EndGlobal
